
Microsoft Visual Studio Solution File, Format Version 12.00
# Visual Studio 15
VisualStudioVersion = 15.0.28307.902
MinimumVisualStudioVersion = 10.0.40219.1
Project("{FAE04EC0-301F-11D3-BF4B-00C04F79EFBC}") = "PCloud", "PCloud\PCloud.csproj", "{D4F0973B-CACD-41F8-BF97-AFA1FEB1E16E}"
EndProject
Global
	GlobalSection(SolutionConfigurationPlatforms) = preSolution
		Debug|Any CPU = Debug|Any CPU
		Release|Any CPU = Release|Any CPU
	EndGlobalSection
	GlobalSection(ProjectConfigurationPlatforms) = postSolution
		{D4F0973B-CACD-41F8-BF97-AFA1FEB1E16E}.Debug|Any CPU.ActiveCfg = Debug|Any CPU
		{D4F0973B-CACD-41F8-BF97-AFA1FEB1E16E}.Debug|Any CPU.Build.0 = Debug|Any CPU
		{D4F0973B-CACD-41F8-BF97-AFA1FEB1E16E}.Release|Any CPU.ActiveCfg = Release|Any CPU
		{D4F0973B-CACD-41F8-BF97-AFA1FEB1E16E}.Release|Any CPU.Build.0 = Release|Any CPU
	EndGlobalSection
	GlobalSection(SolutionProperties) = preSolution
		HideSolutionNode = FALSE
	EndGlobalSection
	GlobalSection(ExtensibilityGlobals) = postSolution
		SolutionGuid = {84BFE5AD-B39F-4B03-9744-F140472390F3}
	EndGlobalSection
EndGlobal
